
Microsoft Visual Studio Solution File, Format Version 12.00
# Visual Studio Version 16
VisualStudioVersion = 16.0.30907.101
MinimumVisualStudioVersion = 10.0.40219.1
Project("{E24C65DC-7377-472B-9ABA-BC803B73C61A}") = "Essential_AspNet2.0", ".", "{A5DB0D46-E208-488A-976F-FC431A48D79B}"
	ProjectSection(WebsiteProperties) = preProject
		TargetFrameworkMoniker = ".NETFramework,Version%3Dv4.0"
		Debug.AspNetCompiler.VirtualPath = "/localhost_53376"
		Debug.AspNetCompiler.PhysicalPath = "..\Essential_AspNet2.0\"
		Debug.AspNetCompiler.TargetPath = "PrecompiledWeb\localhost_53376\"
		Debug.AspNetCompiler.Updateable = "true"
		Debug.AspNetCompiler.ForceOverwrite = "true"
		Debug.AspNetCompiler.FixedNames = "false"
		Debug.AspNetCompiler.Debug = "True"
		Release.AspNetCompiler.VirtualPath = "/localhost_53376"
		Release.AspNetCompiler.PhysicalPath = "..\Essential_AspNet2.0\"
		Release.AspNetCompiler.TargetPath = "PrecompiledWeb\localhost_53376\"
		Release.AspNetCompiler.Updateable = "true"
		Release.AspNetCompiler.ForceOverwrite = "true"
		Release.AspNetCompiler.FixedNames = "false"
		Release.AspNetCompiler.Debug = "False"
		VWDPort = "53376"
		SlnRelativePath = "..\Essential_AspNet2.0\"
	EndProjectSection
EndProject
Global
	GlobalSection(SolutionConfigurationPlatforms) = preSolution
		Debug|Any CPU = Debug|Any CPU
	EndGlobalSection
	GlobalSection(ProjectConfigurationPlatforms) = postSolution
		{A5DB0D46-E208-488A-976F-FC431A48D79B}.Debug|Any CPU.ActiveCfg = Debug|Any CPU
		{A5DB0D46-E208-488A-976F-FC431A48D79B}.Debug|Any CPU.Build.0 = Debug|Any CPU
	EndGlobalSection
	GlobalSection(SolutionProperties) = preSolution
		HideSolutionNode = FALSE
	EndGlobalSection
	GlobalSection(ExtensibilityGlobals) = postSolution
		SolutionGuid = {07E04217-3A7C-4977-8B75-97E1FD27A53B}
	EndGlobalSection
EndGlobal
